#MicroXplorer Configuration settings - do not modify
CAD.formats=
CAD.pinconfig=
CAD.provider=
CORTEX_M7.CPU_DCache=Enabled
CORTEX_M7.CPU_ICache=Enabled
CORTEX_M7.IPParameters=CPU_ICache,CPU_DCache
File.Version=6
GPIO.groupedBy=
KeepUserPlacement=false
Mcu.CPN=STM32H723ZGT6
Mcu.Family=STM32H7
Mcu.IP0=CORTEX_M7
Mcu.IP1=I2C4
Mcu.IP10=UART5
Mcu.IP11=UART7
Mcu.IP12=UART8
Mcu.IP13=UART9
Mcu.IP14=USART1
Mcu.IP15=USART2
Mcu.IP16=USART3
Mcu.IP17=USART6
Mcu.IP18=USART10
Mcu.IP19=USB_OTG_HS
Mcu.IP2=NVIC
Mcu.IP3=RCC
Mcu.IP4=SDMMC1
Mcu.IP5=SPI1
Mcu.IP6=SPI4
Mcu.IP7=SPI6
Mcu.IP8=SYS
Mcu.IP9=UART4
Mcu.IPNb=20
Mcu.Name=STM32H723ZGTx
Mcu.Package=LQFP144
Mcu.Pin0=PE2
Mcu.Pin1=PE3
Mcu.Pin10=PF9
Mcu.Pin11=PH0-OSC_IN
Mcu.Pin12=PH1-OSC_OUT
Mcu.Pin13=PC2_C
Mcu.Pin14=PC3_C
Mcu.Pin15=PA0
Mcu.Pin16=PA1
Mcu.Pin17=PA2
Mcu.Pin18=PA3
Mcu.Pin19=PA5
Mcu.Pin2=PE4
Mcu.Pin20=PA6
Mcu.Pin21=PA7
Mcu.Pin22=PF14
Mcu.Pin23=PF15
Mcu.Pin24=PG0
Mcu.Pin25=PG1
Mcu.Pin26=PE12
Mcu.Pin27=PE13
Mcu.Pin28=PE14
Mcu.Pin29=PB10
Mcu.Pin3=PE5
Mcu.Pin30=PB11
Mcu.Pin31=PB12
Mcu.Pin32=PB13
Mcu.Pin33=PB14
Mcu.Pin34=PB15
Mcu.Pin35=PD10
Mcu.Pin36=PC6
Mcu.Pin37=PC7
Mcu.Pin38=PC8
Mcu.Pin39=PC9
Mcu.Pin4=PE6
Mcu.Pin40=PA10
Mcu.Pin41=PA11
Mcu.Pin42=PA12
Mcu.Pin43=PC10
Mcu.Pin44=PC11
Mcu.Pin45=PC12
Mcu.Pin46=PD2
Mcu.Pin47=PG13
Mcu.Pin48=PG14
Mcu.Pin49=PB3(JTDO/TRACESWO)
Mcu.Pin5=PC14-OSC32_IN
Mcu.Pin50=PB5
Mcu.Pin51=PE0
Mcu.Pin52=PE1
Mcu.Pin53=VP_SYS_VS_Systick
Mcu.Pin6=PC15-OSC32_OUT
Mcu.Pin7=PF6
Mcu.Pin8=PF7
Mcu.Pin9=PF8
Mcu.PinsNb=54
Mcu.ThirdPartyNb=0
Mcu.UserConstants=
Mcu.UserName=STM32H723ZGTx
MxCube.Version=6.3.0
MxDb.Version=DB.6.0.30
NVIC.BusFault_IRQn=true\:0\:0\:false\:false\:true\:false\:false\:false
NVIC.DebugMonitor_IRQn=true\:0\:0\:false\:false\:true\:false\:false\:false
NVIC.ForceEnableDMAVector=true
NVIC.HardFault_IRQn=true\:0\:0\:false\:false\:true\:false\:false\:false
NVIC.MemoryManagement_IRQn=true\:0\:0\:false\:false\:true\:false\:false\:false
NVIC.NonMaskableInt_IRQn=true\:0\:0\:false\:false\:true\:false\:false\:false
NVIC.PendSV_IRQn=true\:0\:0\:false\:false\:true\:false\:false\:false
NVIC.PriorityGroup=NVIC_PRIORITYGROUP_4
NVIC.SVCall_IRQn=true\:0\:0\:false\:false\:true\:false\:false\:false
NVIC.SysTick_IRQn=true\:15\:0\:false\:false\:true\:false\:true\:false
NVIC.UsageFault_IRQn=true\:0\:0\:false\:false\:true\:false\:false\:false
PA0.GPIOParameters=GPIO_Label
PA0.GPIO_Label=UART4_TX_FRONT_LEFT
PA0.Locked=true
PA0.Mode=Asynchronous
PA0.Signal=UART4_TX
PA1.GPIOParameters=GPIO_Label
PA1.GPIO_Label=UART4_RX_FRONT_LEFT
PA1.Locked=true
PA1.Mode=Asynchronous
PA1.Signal=UART4_RX
PA10.Locked=true
PA10.Mode=OTG/Dual-Role-Device-FS
PA10.Signal=USB_OTG_HS_ID
PA11.Locked=true
PA11.Mode=OTG/Dual-Role-Device-FS
PA11.Signal=USB_OTG_HS_DM
PA12.Locked=true
PA12.Mode=OTG/Dual-Role-Device-FS
PA12.Signal=USB_OTG_HS_DP
PA2.GPIOParameters=GPIO_Label
PA2.GPIO_Label=USART2_TX_AUX
PA2.Mode=Asynchronous
PA2.Signal=USART2_TX
PA3.GPIOParameters=GPIO_Label
PA3.GPIO_Label=USART2_RX_AUX
PA3.Locked=true
PA3.Mode=Asynchronous
PA3.Signal=USART2_RX
PA5.GPIOParameters=GPIO_Label
PA5.GPIO_Label=SPI1_SCK_IMU
PA5.Locked=true
PA5.Mode=Full_Duplex_Master
PA5.Signal=SPI1_SCK
PA6.GPIOParameters=GPIO_Label
PA6.GPIO_Label=SPI1_MISO_IMU
PA6.Locked=true
PA6.Mode=Full_Duplex_Master
PA6.Signal=SPI1_MISO
PA7.GPIOParameters=GPIO_Label
PA7.GPIO_Label=SPI1_MOSI_IMU
PA7.Locked=true
PA7.Mode=Full_Duplex_Master
PA7.Signal=SPI1_MOSI
PB10.GPIOParameters=GPIO_Label
PB10.GPIO_Label=USART3_TX_LOGIC
PB10.Locked=true
PB10.Mode=Synchronous Slave
PB10.Signal=USART3_TX
PB11.GPIOParameters=GPIO_Label
PB11.GPIO_Label=USART3_RX_LOGIC
PB11.Locked=true
PB11.Mode=Synchronous Slave
PB11.Signal=USART3_RX
PB12.GPIOParameters=GPIO_Label
PB12.GPIO_Label=UART5_RX_DRIB
PB12.Locked=true
PB12.Mode=Asynchronous
PB12.Signal=UART5_RX
PB13.GPIOParameters=GPIO_Label
PB13.GPIO_Label=UART5_TX_DRIB
PB13.Locked=true
PB13.Mode=Asynchronous
PB13.Signal=UART5_TX
PB14.GPIOParameters=GPIO_Label
PB14.GPIO_Label=USART1_FRONT_RIGHT_TX
PB14.Locked=true
PB14.Mode=Asynchronous
PB14.Signal=USART1_TX
PB15.GPIOParameters=GPIO_Label
PB15.GPIO_Label=USART1_FRONT_RIGHT_RX
PB15.Locked=true
PB15.Mode=Asynchronous
PB15.Signal=USART1_RX
PB3(JTDO/TRACESWO).GPIOParameters=GPIO_Label
PB3(JTDO/TRACESWO).GPIO_Label=SPI6_SCK_DOTSTAR
PB3(JTDO/TRACESWO).Locked=true
PB3(JTDO/TRACESWO).Mode=Simplex_Bidirectional_Master
PB3(JTDO/TRACESWO).Signal=SPI6_SCK
PB5.GPIOParameters=GPIO_Label
PB5.GPIO_Label=SPI6_MOSI_DOTSTAR
PB5.Locked=true
PB5.Mode=Simplex_Bidirectional_Master
PB5.Signal=SPI6_MOSI
PC10.Locked=true
PC10.Mode=SD_4_bits_Wide_bus
PC10.Signal=SDMMC1_D2
PC11.Locked=true
PC11.Mode=SD_4_bits_Wide_bus
PC11.Signal=SDMMC1_D3
PC12.Locked=true
PC12.Mode=SD_4_bits_Wide_bus
PC12.Signal=SDMMC1_CK
PC14-OSC32_IN.Locked=true
PC14-OSC32_IN.Mode=LSE-External-Oscillator
PC14-OSC32_IN.Signal=RCC_OSC32_IN
PC15-OSC32_OUT.Locked=true
PC15-OSC32_OUT.Mode=LSE-External-Oscillator
PC15-OSC32_OUT.Signal=RCC_OSC32_OUT
PC2_C.GPIOParameters=GPIO_Label
PC2_C.GPIO_Label=RST_FRONT_LEFT
PC2_C.Locked=true
PC2_C.Signal=GPIO_Output
PC3_C.GPIOParameters=GPIO_Label
PC3_C.GPIO_Label=BOOT0_FRONT_LEFT
PC3_C.Locked=true
PC3_C.Signal=GPIO_Output
PC6.GPIOParameters=GPIO_Label
PC6.GPIO_Label=USART6_TX_KICKER
PC6.Locked=true
PC6.Mode=Asynchronous
PC6.Signal=USART6_TX
PC7.GPIOParameters=GPIO_Label
PC7.GPIO_Label=USART6_RX_KICKER
PC7.Locked=true
PC7.Mode=Asynchronous
PC7.Signal=USART6_RX
PC8.Locked=true
PC8.Mode=SD_4_bits_Wide_bus
PC8.Signal=SDMMC1_D0
PC9.Locked=true
PC9.Mode=SD_4_bits_Wide_bus
PC9.Signal=SDMMC1_D1
PD10.GPIOParameters=GPIO_Label
PD10.GPIO_Label=USART3_CK_LOGIC
PD10.Locked=true
PD10.Mode=Synchronous Slave
PD10.Signal=USART3_CK
PD2.Locked=true
PD2.Mode=SD_4_bits_Wide_bus
PD2.Signal=SDMMC1_CMD
PE0.GPIOParameters=GPIO_Label
PE0.GPIO_Label=UART_BACK_RIGHT_RX
PE0.Locked=true
PE0.Mode=Asynchronous
PE0.Signal=UART8_RX
PE1.GPIOParameters=GPIO_Label
PE1.GPIO_Label=UART_BACK_RIGHT_TX
PE1.Locked=true
PE1.Mode=Asynchronous
PE1.Signal=UART8_TX
PE12.GPIOParameters=GPIO_Label
PE12.GPIO_Label=SPI4_SCK_ACC
PE12.Locked=true
PE12.Mode=Full_Duplex_Master
PE12.Signal=SPI4_SCK
PE13.GPIOParameters=GPIO_Label
PE13.GPIO_Label=SPI4_MISO_ACC
PE13.Locked=true
PE13.Mode=Full_Duplex_Master
PE13.Signal=SPI4_MISO
PE14.GPIOParameters=GPIO_Label
PE14.GPIO_Label=SPI4_MISO_ACC
PE14.Locked=true
PE14.Mode=Full_Duplex_Master
PE14.Signal=SPI4_MOSI
PE2.GPIOParameters=GPIO_Label
PE2.GPIO_Label=USART10_RX_RADIO
PE2.Locked=true
PE2.Mode=Asynchronous
PE2.Signal=USART10_RX
PE3.GPIOParameters=GPIO_Label
PE3.GPIO_Label=USART10_TX_RADIO
PE3.Locked=true
PE3.Mode=Asynchronous
PE3.Signal=USART10_TX
PE4.GPIOParameters=GPIO_Label
PE4.GPIO_Label=RST_RADIO
PE4.Locked=true
PE4.Signal=GPIO_Output
PE5.GPIOParameters=GPIO_Label
PE5.GPIO_Label=BOOT0_RADIO
PE5.Locked=true
PE5.Signal=GPIO_Output
PE6.GPIOParameters=GPIO_Label
PE6.GPIO_Label=INT_RADIO
PE6.Locked=true
PE6.Signal=GPXTI6
PF14.GPIOParameters=GPIO_Label
PF14.GPIO_Label=I2C4_SCL_IMU
PF14.Locked=true
PF14.Mode=I2C
PF14.Signal=I2C4_SCL
PF15.GPIOParameters=GPIO_Label
PF15.GPIO_Label=I2C4_SDA_IMU
PF15.Locked=true
PF15.Mode=I2C
PF15.Signal=I2C4_SDA
PF6.GPIOParameters=GPIO_Label
PF6.GPIO_Label=UART7_RX_BACK_LEFT
PF6.Locked=true
PF6.Mode=Asynchronous
PF6.Signal=UART7_RX
PF7.GPIOParameters=GPIO_Label
PF7.GPIO_Label=UART7_TX_BACK_LEFT
PF7.Locked=true
PF7.Mode=Asynchronous
PF7.Signal=UART7_TX
PF8.GPIOParameters=GPIO_Label
PF8.GPIO_Label=BOOT0_BACK_LEFT
PF8.Locked=true
PF8.Signal=GPIO_Output
PF9.GPIOParameters=GPIO_Label
PF9.GPIO_Label=RST_BACK_LEFT
PF9.Locked=true
PF9.Signal=GPIO_Output
PG0.GPIOParameters=GPIO_Label
PG0.GPIO_Label=UART9_RX_FLOW
PG0.Locked=true
PG0.Mode=Asynchronous
PG0.Signal=UART9_RX
PG1.GPIOParameters=GPIO_Label
PG1.GPIO_Label=UART9_TX_FLOW
PG1.Locked=true
PG1.Mode=Asynchronous
PG1.Signal=UART9_TX
PG13.GPIOParameters=GPIO_Label
PG13.GPIO_Label=USART10_CTS_RADIO
PG13.Locked=true
PG13.Mode=CTS_RTS
PG13.Signal=USART10_CTS
PG14.GPIOParameters=GPIO_Label
PG14.GPIO_Label=USART10_RTS_RADIO
PG14.Locked=true
PG14.Mode=CTS_RTS
PG14.Signal=USART10_RTS
PH0-OSC_IN.Locked=true
PH0-OSC_IN.Mode=HSE-External-Oscillator
PH0-OSC_IN.Signal=RCC_OSC_IN
PH1-OSC_OUT.Locked=true
PH1-OSC_OUT.Mode=HSE-External-Oscillator
PH1-OSC_OUT.Signal=RCC_OSC_OUT
PinOutPanel.RotationAngle=0
ProjectManager.AskForMigrate=true
ProjectManager.BackupPrevious=false
ProjectManager.CompilerOptimize=6
ProjectManager.ComputerToolchain=false
ProjectManager.CoupleFile=false
ProjectManager.CustomerFirmwarePackage=
ProjectManager.DefaultFWLocation=true
ProjectManager.DeletePrevious=true
ProjectManager.DeviceId=STM32H723ZGTx
ProjectManager.FirmwarePackage=STM32Cube FW_H7 V1.9.1
ProjectManager.FreePins=false
ProjectManager.HalAssertFull=false
ProjectManager.HeapSize=0x200
ProjectManager.KeepUserCode=true
ProjectManager.LastFirmware=true
ProjectManager.LibraryCopy=0
ProjectManager.MainLocation=Core/Src
ProjectManager.NoMain=false
ProjectManager.PreviousToolchain=
ProjectManager.ProjectBuild=false
ProjectManager.ProjectFileName=pinmap.ioc
ProjectManager.ProjectName=pinmap
ProjectManager.RegisterCallBack=
ProjectManager.StackSize=0x400
ProjectManager.TargetToolchain=EWARM V8.32
ProjectManager.ToolChainLocation=
ProjectManager.UnderRoot=false
ProjectManager.functionlistsort=1-SystemClock_Config-RCC-false-HAL-false,2-MX_GPIO_Init-GPIO-false-HAL-true,3-MX_SDMMC1_SD_Init-SDMMC1-false-HAL-true,4-MX_SPI1_Init-SPI1-false-HAL-true,5-MX_SPI6_Init-SPI6-false-HAL-true,6-MX_UART4_Init-UART4-false-HAL-true,7-MX_UART5_Init-UART5-false-HAL-true,8-MX_UART7_Init-UART7-false-HAL-true,9-MX_UART8_Init-UART8-false-HAL-true,10-MX_UART9_Init-UART9-false-HAL-true,11-MX_USART1_UART_Init-USART1-false-HAL-true,12-MX_USART2_UART_Init-USART2-false-HAL-true,13-MX_USART3_Init-USART3-false-HAL-true,14-MX_USART6_UART_Init-USART6-false-HAL-true,15-MX_USART10_UART_Init-USART10-false-HAL-true,16-MX_USB_OTG_HS_USB_Init-USB_OTG_HS-false-HAL-true,0-MX_CORTEX_M7_Init-CORTEX_M7-false-HAL-true
RCC.ADCFreq_Value=129000000
RCC.AHB12Freq_Value=64000000
RCC.AHB4Freq_Value=64000000
RCC.APB1Freq_Value=64000000
RCC.APB2Freq_Value=64000000
RCC.APB3Freq_Value=64000000
RCC.APB4Freq_Value=64000000
RCC.AXIClockFreq_Value=64000000
RCC.CECFreq_Value=32000
RCC.CKPERFreq_Value=64000000
RCC.CortexFreq_Value=64000000
RCC.CpuClockFreq_Value=64000000
RCC.D1CPREFreq_Value=64000000
RCC.DFSDMACLkFreq_Value=129000000
RCC.DFSDMFreq_Value=64000000
RCC.DIVP1Freq_Value=129000000
RCC.DIVP2Freq_Value=129000000
RCC.DIVP3Freq_Value=129000000
RCC.DIVQ1Freq_Value=129000000
RCC.DIVQ2Freq_Value=129000000
RCC.DIVQ3Freq_Value=129000000
RCC.DIVR1Freq_Value=129000000
RCC.DIVR2Freq_Value=129000000
RCC.DIVR3Freq_Value=129000000
RCC.FDCANFreq_Value=129000000
RCC.FMCFreq_Value=64000000
RCC.FamilyName=M
RCC.HCLK3ClockFreq_Value=64000000
RCC.HCLKFreq_Value=64000000
RCC.I2C123Freq_Value=64000000
RCC.I2C4Freq_Value=64000000
RCC.IPParameters=ADCFreq_Value,AHB12Freq_Value,AHB4Freq_Value,APB1Freq_Value,APB2Freq_Value,APB3Freq_Value,APB4Freq_Value,AXIClockFreq_Value,CECFreq_Value,CKPERFreq_Value,CortexFreq_Value,CpuClockFreq_Value,D1CPREFreq_Value,DFSDMACLkFreq_Value,DFSDMFreq_Value,DIVP1Freq_Value,DIVP2Freq_Value,DIVP3Freq_Value,DIVQ1Freq_Value,DIVQ2Freq_Value,DIVQ3Freq_Value,DIVR1Freq_Value,DIVR2Freq_Value,DIVR3Freq_Value,FDCANFreq_Value,FMCFreq_Value,FamilyName,HCLK3ClockFreq_Value,HCLKFreq_Value,I2C123Freq_Value,I2C4Freq_Value,LPTIM1Freq_Value,LPTIM2Freq_Value,LPTIM345Freq_Value,LPUART1Freq_Value,LTDCFreq_Value,MCO1PinFreq_Value,MCO2PinFreq_Value,PLLSource,PLLSourceVirtual,QSPIFreq_Value,RNGFreq_Value,RTCFreq_Value,SAI1Freq_Value,SAI4AFreq_Value,SAI4BFreq_Value,SDMMCFreq_Value,SPDIFRXFreq_Value,SPI123Freq_Value,SPI45Freq_Value,SPI6Freq_Value,SWPMI1Freq_Value,SYSCLKFreq_VALUE,Tim1OutputFreq_Value,Tim2OutputFreq_Value,TraceFreq_Value,USART16Freq_Value,USART234578Freq_Value,USBFreq_Value,VCO1OutputFreq_Value,VCO2OutputFreq_Value,VCO3OutputFreq_Value,VCOInput1Freq_Value,VCOInput2Freq_Value,VCOInput3Freq_Value
RCC.LPTIM1Freq_Value=64000000
RCC.LPTIM2Freq_Value=64000000
RCC.LPTIM345Freq_Value=64000000
RCC.LPUART1Freq_Value=64000000
RCC.LTDCFreq_Value=129000000
RCC.MCO1PinFreq_Value=64000000
RCC.MCO2PinFreq_Value=64000000
RCC.PLLSource=RCC_PLLSOURCE_HSI
RCC.PLLSourceVirtual=RCC_PLLSOURCE_HSI
RCC.QSPIFreq_Value=64000000
RCC.RNGFreq_Value=48000000
RCC.RTCFreq_Value=32000
RCC.SAI1Freq_Value=129000000
RCC.SAI4AFreq_Value=129000000
RCC.SAI4BFreq_Value=129000000
RCC.SDMMCFreq_Value=129000000
RCC.SPDIFRXFreq_Value=129000000
RCC.SPI123Freq_Value=129000000
RCC.SPI45Freq_Value=64000000
RCC.SPI6Freq_Value=64000000
RCC.SWPMI1Freq_Value=64000000
RCC.SYSCLKFreq_VALUE=64000000
RCC.Tim1OutputFreq_Value=64000000
RCC.Tim2OutputFreq_Value=64000000
RCC.TraceFreq_Value=64000000
RCC.USART16Freq_Value=64000000
RCC.USART234578Freq_Value=64000000
RCC.USBFreq_Value=129000000
RCC.VCO1OutputFreq_Value=258000000
RCC.VCO2OutputFreq_Value=258000000
RCC.VCO3OutputFreq_Value=258000000
RCC.VCOInput1Freq_Value=2000000
RCC.VCOInput2Freq_Value=2000000
RCC.VCOInput3Freq_Value=2000000
SH.GPXTI6.0=GPIO_EXTI6
SH.GPXTI6.ConfNb=1
SPI1.CalculateBaudRate=64.5 MBits/s
SPI1.Direction=SPI_DIRECTION_2LINES
SPI1.IPParameters=VirtualType,Mode,Direction,CalculateBaudRate
SPI1.Mode=SPI_MODE_MASTER
SPI1.VirtualType=VM_MASTER
SPI4.CalculateBaudRate=32.0 MBits/s
SPI4.Direction=SPI_DIRECTION_2LINES
SPI4.IPParameters=VirtualType,Mode,Direction,CalculateBaudRate
SPI4.Mode=SPI_MODE_MASTER
SPI4.VirtualType=VM_MASTER
SPI6.CalculateBaudRate=32.0 MBits/s
SPI6.Direction=SPI_DIRECTION_1LINE
SPI6.IPParameters=VirtualType,Mode,Direction,CalculateBaudRate
SPI6.Mode=SPI_MODE_MASTER
SPI6.VirtualType=VM_MASTER
USART1.IPParameters=VirtualMode-Asynchronous
USART1.VirtualMode-Asynchronous=VM_ASYNC
USART10.IPParameters=VirtualMode-Asynchronous
USART10.VirtualMode-Asynchronous=VM_ASYNC
USART2.IPParameters=VirtualMode-Asynchronous
USART2.VirtualMode-Asynchronous=VM_ASYNC
USART3.IPParameters=VirtualMode-Synchronous Slave
USART3.VirtualMode-Synchronous\ Slave=VM_SYNC
USART6.IPParameters=VirtualMode-Asynchronous
USART6.VirtualMode-Asynchronous=VM_ASYNC
VP_SYS_VS_Systick.Mode=SysTick
VP_SYS_VS_Systick.Signal=SYS_VS_Systick
board=custom
